
Microsoft Visual Studio Solution File, Format Version 12.00
# Visual Studio Version 17
VisualStudioVersion = 17.14.36327.8 d17.14
MinimumVisualStudioVersion = 10.0.40219.1
Project("{FAE04EC0-301F-11D3-BF4B-00C04F79EFBC}") = "GerenciadorDeOvni", "GerenciadorDeOvni\GerenciadorDeOvni.csproj", "{DB940D90-43E5-49B8-AD55-9F61ED2728AB}"
EndProject
Project("{FAE04EC0-301F-11D3-BF4B-00C04F79EFBC}") = "BibliotecaOVNI", "BibliotecaOVNI\BibliotecaOVNI\BibliotecaOVNI.csproj", "{7577C21D-1E10-4713-BC20-5339BEE758AF}"
EndProject
Global
	GlobalSection(SolutionConfigurationPlatforms) = preSolution
		Debug|Any CPU = Debug|Any CPU
		Release|Any CPU = Release|Any CPU
	EndGlobalSection
	GlobalSection(ProjectConfigurationPlatforms) = postSolution
		{DB940D90-43E5-49B8-AD55-9F61ED2728AB}.Debug|Any CPU.ActiveCfg = Debug|Any CPU
		{DB940D90-43E5-49B8-AD55-9F61ED2728AB}.Debug|Any CPU.Build.0 = Debug|Any CPU
		{DB940D90-43E5-49B8-AD55-9F61ED2728AB}.Release|Any CPU.ActiveCfg = Release|Any CPU
		{DB940D90-43E5-49B8-AD55-9F61ED2728AB}.Release|Any CPU.Build.0 = Release|Any CPU
		{7577C21D-1E10-4713-BC20-5339BEE758AF}.Debug|Any CPU.ActiveCfg = Debug|Any CPU
		{7577C21D-1E10-4713-BC20-5339BEE758AF}.Debug|Any CPU.Build.0 = Debug|Any CPU
		{7577C21D-1E10-4713-BC20-5339BEE758AF}.Release|Any CPU.ActiveCfg = Release|Any CPU
		{7577C21D-1E10-4713-BC20-5339BEE758AF}.Release|Any CPU.Build.0 = Release|Any CPU
	EndGlobalSection
	GlobalSection(SolutionProperties) = preSolution
		HideSolutionNode = FALSE
	EndGlobalSection
	GlobalSection(ExtensibilityGlobals) = postSolution
		SolutionGuid = {37467D6D-204B-4705-94EB-DF0370EBBF6B}
	EndGlobalSection
EndGlobal
